
Microsoft Visual Studio Solution File, Format Version 12.00
# Visual Studio Version 17
VisualStudioVersion = 17.13.35919.96 d17.13
MinimumVisualStudioVersion = 10.0.40219.1
Project("{FAE04EC0-301F-11D3-BF4B-00C04F79EFBC}") = "BakeryBI", "BakeryBI.csproj", "{7060779C-1DF3-43B8-AB79-EB4C63829DCC}"
EndProject
Global
	GlobalSection(SolutionConfigurationPlatforms) = preSolution
		Debug|Any CPU = Debug|Any CPU
		Release|Any CPU = Release|Any CPU
	EndGlobalSection
	GlobalSection(ProjectConfigurationPlatforms) = postSolution
		{7060779C-1DF3-43B8-AB79-EB4C63829DCC}.Debug|Any CPU.ActiveCfg = Debug|Any CPU
		{7060779C-1DF3-43B8-AB79-EB4C63829DCC}.Debug|Any CPU.Build.0 = Debug|Any CPU
		{7060779C-1DF3-43B8-AB79-EB4C63829DCC}.Release|Any CPU.ActiveCfg = Release|Any CPU
		{7060779C-1DF3-43B8-AB79-EB4C63829DCC}.Release|Any CPU.Build.0 = Release|Any CPU
	EndGlobalSection
	GlobalSection(SolutionProperties) = preSolution
		HideSolutionNode = FALSE
	EndGlobalSection
	GlobalSection(ExtensibilityGlobals) = postSolution
		SolutionGuid = {B6E6BCFB-B0A2-4E8A-9949-7B0117C47A52}
	EndGlobalSection
EndGlobal
